// !$*UTF8*$!
{
	archiveVersion = 1;
	classes = {
	};
	objectVersion = 56;
	objects = {

/* Begin PBXBuildFile section */
		131526452BBE6BAB0063DCC7 /* AppDelegate.swift in Sources */ = {isa = PBXBuildFile; fileRef = 131526442BBE6BAB0063DCC7 /* AppDelegate.swift */; };
		131526472BBE6BAB0063DCC7 /* SceneDelegate.swift in Sources */ = {isa = PBXBuildFile; fileRef = 131526462BBE6BAB0063DCC7 /* SceneDelegate.swift */; };
		131526492BBE6BAB0063DCC7 /* ViewController.swift in Sources */ = {isa = PBXBuildFile; fileRef = 131526482BBE6BAB0063DCC7 /* ViewController.swift */; };
		1315264C2BBE6BAB0063DCC7 /* Main.storyboard in Resources */ = {isa = PBXBuildFile; fileRef = 1315264A2BBE6BAB0063DCC7 /* Main.storyboard */; };
		1315264E2BBE6BAB0063DCC7 /* Assets.xcassets in Resources */ = {isa = PBXBuildFile; fileRef = 1315264D2BBE6BAB0063DCC7 /* Assets.xcassets */; };
		131526512BBE6BAB0063DCC7 /* LaunchScreen.storyboard in Resources */ = {isa = PBXBuildFile; fileRef = 1315264F2BBE6BAB0063DCC7 /* LaunchScreen.storyboard */; };
		1315265D2BC014C90063DCC7 /* TempViewController.swift in Sources */ = {isa = PBXBuildFile; fileRef = 1315265C2BC014C90063DCC7 /* TempViewController.swift */; };
		733B39FD2BBFF18E00214797 /* TextToSpeech.swift in Sources */ = {isa = PBXBuildFile; fileRef = 733B39FC2BBFF18E00214797 /* TextToSpeech.swift */; };
		733B39FF2BBFF1A600214797 /* SpeechToText.swift in Sources */ = {isa = PBXBuildFile; fileRef = 733B39FE2BBFF1A600214797 /* SpeechToText.swift */; };
		73A194332BC4F4B900C325BF /* PNUCheckerResponse.swift in Sources */ = {isa = PBXBuildFile; fileRef = 73A194322BC4F4B900C325BF /* PNUCheckerResponse.swift */; };
		73A194362BC4F53300C325BF /* StringExtensions.swift in Sources */ = {isa = PBXBuildFile; fileRef = 73A194352BC4F53300C325BF /* StringExtensions.swift */; };
		73B580BD2BC3A09B007B04F5 /* GrammarFeature.swift in Sources */ = {isa = PBXBuildFile; fileRef = 73B580BC2BC3A09B007B04F5 /* GrammarFeature.swift */; };
		F1622496DA05AB04BA2504DD /* Pods_Telloment.framework in Frameworks */ = {isa = PBXBuildFile; fileRef = 9ACC2EE4522B0527CD26B416 /* Pods_Telloment.framework */; };
/* End PBXBuildFile section */

/* Begin PBXFileReference section */
		131526412BBE6BAB0063DCC7 /* Telloment.app */ = {isa = PBXFileReference; explicitFileType = wrapper.application; includeInIndex = 0; path = Telloment.app; sourceTree = BUILT_PRODUCTS_DIR; };
		131526442BBE6BAB0063DCC7 /* AppDelegate.swift */ = {isa = PBXFileReference; lastKnownFileType = sourcecode.swift; path = AppDelegate.swift; sourceTree = "<group>"; };
		131526462BBE6BAB0063DCC7 /* SceneDelegate.swift */ = {isa = PBXFileReference; lastKnownFileType = sourcecode.swift; path = SceneDelegate.swift; sourceTree = "<group>"; };
		131526482BBE6BAB0063DCC7 /* ViewController.swift */ = {isa = PBXFileReference; lastKnownFileType = sourcecode.swift; path = ViewController.swift; sourceTree = "<group>"; };
		1315264B2BBE6BAB0063DCC7 /* Base */ = {isa = PBXFileReference; lastKnownFileType = file.storyboard; name = Base; path = Base.lproj/Main.storyboard; sourceTree = "<group>"; };
		1315264D2BBE6BAB0063DCC7 /* Assets.xcassets */ = {isa = PBXFileReference; lastKnownFileType = folder.assetcatalog; path = Assets.xcassets; sourceTree = "<group>"; };
		131526502BBE6BAB0063DCC7 /* Base */ = {isa = PBXFileReference; lastKnownFileType = file.storyboard; name = Base; path = Base.lproj/LaunchScreen.storyboard; sourceTree = "<group>"; };
		131526522BBE6BAB0063DCC7 /* Info.plist */ = {isa = PBXFileReference; lastKnownFileType = text.plist.xml; path = Info.plist; sourceTree = "<group>"; };
		1315265C2BC014C90063DCC7 /* TempViewController.swift */ = {isa = PBXFileReference; lastKnownFileType = sourcecode.swift; path = TempViewController.swift; sourceTree = "<group>"; };
		2AC2DFC4443117339CF7D7D6 /* Pods-Telloment.debug.xcconfig */ = {isa = PBXFileReference; includeInIndex = 1; lastKnownFileType = text.xcconfig; name = "Pods-Telloment.debug.xcconfig"; path = "Target Support Files/Pods-Telloment/Pods-Telloment.debug.xcconfig"; sourceTree = "<group>"; };
		733B39FC2BBFF18E00214797 /* TextToSpeech.swift */ = {isa = PBXFileReference; lastKnownFileType = sourcecode.swift; path = TextToSpeech.swift; sourceTree = "<group>"; };
		733B39FE2BBFF1A600214797 /* SpeechToText.swift */ = {isa = PBXFileReference; lastKnownFileType = sourcecode.swift; path = SpeechToText.swift; sourceTree = "<group>"; };
		73A194322BC4F4B900C325BF /* PNUCheckerResponse.swift */ = {isa = PBXFileReference; lastKnownFileType = sourcecode.swift; path = PNUCheckerResponse.swift; sourceTree = "<group>"; };
		73A194352BC4F53300C325BF /* StringExtensions.swift */ = {isa = PBXFileReference; lastKnownFileType = sourcecode.swift; path = StringExtensions.swift; sourceTree = "<group>"; };
		73B580BC2BC3A09B007B04F5 /* GrammarFeature.swift */ = {isa = PBXFileReference; lastKnownFileType = sourcecode.swift; path = GrammarFeature.swift; sourceTree = "<group>"; };
		91F1262C5FC224693C228B95 /* Pods-Telloment.release.xcconfig */ = {isa = PBXFileReference; includeInIndex = 1; lastKnownFileType = text.xcconfig; name = "Pods-Telloment.release.xcconfig"; path = "Target Support Files/Pods-Telloment/Pods-Telloment.release.xcconfig"; sourceTree = "<group>"; };
		9ACC2EE4522B0527CD26B416 /* Pods_Telloment.framework */ = {isa = PBXFileReference; explicitFileType = wrapper.framework; includeInIndex = 0; path = Pods_Telloment.framework; sourceTree = BUILT_PRODUCTS_DIR; };
/* End PBXFileReference section */

/* Begin PBXFrameworksBuildPhase section */
		1315263E2BBE6BAA0063DCC7 /* Frameworks */ = {
			isa = PBXFrameworksBuildPhase;
			buildActionMask = 2147483647;
			files = (
				F1622496DA05AB04BA2504DD /* Pods_Telloment.framework in Frameworks */,
			);
			runOnlyForDeploymentPostprocessing = 0;
		};
/* End PBXFrameworksBuildPhase section */

/* Begin PBXGroup section */
		131526382BBE6BAA0063DCC7 = {
			isa = PBXGroup;
			children = (
				131526432BBE6BAB0063DCC7 /* Telloment */,
				131526422BBE6BAB0063DCC7 /* Products */,
				BC97C480B026A50B474CF613 /* Pods */,
				78E18F0102E845EDA81D1CC8 /* Frameworks */,
			);
			sourceTree = "<group>";
		};
		131526422BBE6BAB0063DCC7 /* Products */ = {
			isa = PBXGroup;
			children = (
				131526412BBE6BAB0063DCC7 /* Telloment.app */,
			);
			name = Products;
			sourceTree = "<group>";
		};
		131526432BBE6BAB0063DCC7 /* Telloment */ = {
			isa = PBXGroup;
			children = (
				73A194342BC4F52300C325BF /* extensions */,
				73B580BB2BC3A043007B04F5 /* GrammarFeature */,
				733B39FB2BBFF14800214797 /* SpeechFeature */,
				131526442BBE6BAB0063DCC7 /* AppDelegate.swift */,
				131526462BBE6BAB0063DCC7 /* SceneDelegate.swift */,
				131526482BBE6BAB0063DCC7 /* ViewController.swift */,
				1315264A2BBE6BAB0063DCC7 /* Main.storyboard */,
				1315265C2BC014C90063DCC7 /* TempViewController.swift */,
				1315264D2BBE6BAB0063DCC7 /* Assets.xcassets */,
				1315264F2BBE6BAB0063DCC7 /* LaunchScreen.storyboard */,
				131526522BBE6BAB0063DCC7 /* Info.plist */,
			);
			path = Telloment;
			sourceTree = "<group>";
		};
		733B39FB2BBFF14800214797 /* SpeechFeature */ = {
			isa = PBXGroup;
			children = (
				733B39FC2BBFF18E00214797 /* TextToSpeech.swift */,
				733B39FE2BBFF1A600214797 /* SpeechToText.swift */,
			);
			path = SpeechFeature;
			sourceTree = "<group>";
		};
		73A194342BC4F52300C325BF /* extensions */ = {
			isa = PBXGroup;
			children = (
				73A194352BC4F53300C325BF /* StringExtensions.swift */,
			);
			path = extensions;
			sourceTree = "<group>";
		};
		73B580BB2BC3A043007B04F5 /* GrammarFeature */ = {
			isa = PBXGroup;
			children = (
				73B580BC2BC3A09B007B04F5 /* GrammarFeature.swift */,
				73A194322BC4F4B900C325BF /* PNUCheckerResponse.swift */,
			);
			path = GrammarFeature;
			sourceTree = "<group>";
		};
		78E18F0102E845EDA81D1CC8 /* Frameworks */ = {
			isa = PBXGroup;
			children = (
				9ACC2EE4522B0527CD26B416 /* Pods_Telloment.framework */,
			);
			name = Frameworks;
			sourceTree = "<group>";
		};
		BC97C480B026A50B474CF613 /* Pods */ = {
			isa = PBXGroup;
			children = (
				2AC2DFC4443117339CF7D7D6 /* Pods-Telloment.debug.xcconfig */,
				91F1262C5FC224693C228B95 /* Pods-Telloment.release.xcconfig */,
			);
			path = Pods;
			sourceTree = "<group>";
		};
/* End PBXGroup section */

/* Begin PBXNativeTarget section */
		131526402BBE6BAA0063DCC7 /* Telloment */ = {
			isa = PBXNativeTarget;
			buildConfigurationList = 131526552BBE6BAB0063DCC7 /* Build configuration list for PBXNativeTarget "Telloment" */;
			buildPhases = (
				F83F8FEC806517B4300171F5 /* [CP] Check Pods Manifest.lock */,
				1315263D2BBE6BAA0063DCC7 /* Sources */,
				1315263E2BBE6BAA0063DCC7 /* Frameworks */,
				1315263F2BBE6BAA0063DCC7 /* Resources */,
				3B658A49E439D685797C0728 /* [CP] Embed Pods Frameworks */,
			);
			buildRules = (
			);
			dependencies = (
			);
			name = Telloment;
			productName = Telloment;
			productReference = 131526412BBE6BAB0063DCC7 /* Telloment.app */;
			productType = "com.apple.product-type.application";
		};
/* End PBXNativeTarget section */

/* Begin PBXProject section */
		131526392BBE6BAA0063DCC7 /* Project object */ = {
			isa = PBXProject;
			attributes = {
				BuildIndependentTargetsInParallel = 1;
				LastSwiftUpdateCheck = 1500;
				LastUpgradeCheck = 1500;
				TargetAttributes = {
					131526402BBE6BAA0063DCC7 = {
						CreatedOnToolsVersion = 15.0.1;
					};
				};
			};
			buildConfigurationList = 1315263C2BBE6BAA0063DCC7 /* Build configuration list for PBXProject "Telloment" */;
			compatibilityVersion = "Xcode 14.0";
			developmentRegion = en;
			hasScannedForEncodings = 0;
			knownRegions = (
				en,
				Base,
			);
			mainGroup = 131526382BBE6BAA0063DCC7;
			productRefGroup = 131526422BBE6BAB0063DCC7 /* Products */;
			projectDirPath = "";
			projectRoot = "";
			targets = (
				131526402BBE6BAA0063DCC7 /* Telloment */,
			);
		};
/* End PBXProject section */

/* Begin PBXResourcesBuildPhase section */
		1315263F2BBE6BAA0063DCC7 /* Resources */ = {
			isa = PBXResourcesBuildPhase;
			buildActionMask = 2147483647;
			files = (
				131526512BBE6BAB0063DCC7 /* LaunchScreen.storyboard in Resources */,
				1315264E2BBE6BAB0063DCC7 /* Assets.xcassets in Resources */,
				1315264C2BBE6BAB0063DCC7 /* Main.storyboard in Resources */,
			);
			runOnlyForDeploymentPostprocessing = 0;
		};
/* End PBXResourcesBuildPhase section */

/* Begin PBXShellScriptBuildPhase section */
		3B658A49E439D685797C0728 /* [CP] Embed Pods Frameworks */ = {
			isa = PBXShellScriptBuildPhase;
			buildActionMask = 2147483647;
			files = (
			);
			inputFileListPaths = (
				"${PODS_ROOT}/Target Support Files/Pods-Telloment/Pods-Telloment-frameworks-${CONFIGURATION}-input-files.xcfilelist",
			);
			name = "[CP] Embed Pods Frameworks";
			outputFileListPaths = (
				"${PODS_ROOT}/Target Support Files/Pods-Telloment/Pods-Telloment-frameworks-${CONFIGURATION}-output-files.xcfilelist",
			);
			runOnlyForDeploymentPostprocessing = 0;
			shellPath = /bin/sh;
			shellScript = "\"${PODS_ROOT}/Target Support Files/Pods-Telloment/Pods-Telloment-frameworks.sh\"\n";
			showEnvVarsInLog = 0;
		};
		F83F8FEC806517B4300171F5 /* [CP] Check Pods Manifest.lock */ = {
			isa = PBXShellScriptBuildPhase;
			buildActionMask = 2147483647;
			files = (
			);
			inputFileListPaths = (
			);
			inputPaths = (
				"${PODS_PODFILE_DIR_PATH}/Podfile.lock",
				"${PODS_ROOT}/Manifest.lock",
			);
			name = "[CP] Check Pods Manifest.lock";
			outputFileListPaths = (
			);
			outputPaths = (
				"$(DERIVED_FILE_DIR)/Pods-Telloment-checkManifestLockResult.txt",
			);
			runOnlyForDeploymentPostprocessing = 0;
			shellPath = /bin/sh;
			shellScript = "diff \"${PODS_PODFILE_DIR_PATH}/Podfile.lock\" \"${PODS_ROOT}/Manifest.lock\" > /dev/null\nif [ $? != 0 ] ; then\n    # print error to STDERR\n    echo \"error: The sandbox is not in sync with the Podfile.lock. Run 'pod install' or update your CocoaPods installation.\" >&2\n    exit 1\nfi\n# This output is used by Xcode 'outputs' to avoid re-running this script phase.\necho \"SUCCESS\" > \"${SCRIPT_OUTPUT_FILE_0}\"\n";
			showEnvVarsInLog = 0;
		};
/* End PBXShellScriptBuildPhase section */

/* Begin PBXSourcesBuildPhase section */
		1315263D2BBE6BAA0063DCC7 /* Sources */ = {
			isa = PBXSourcesBuildPhase;
			buildActionMask = 2147483647;
			files = (
				131526492BBE6BAB0063DCC7 /* ViewController.swift in Sources */,
				733B39FD2BBFF18E00214797 /* TextToSpeech.swift in Sources */,
				73A194332BC4F4B900C325BF /* PNUCheckerResponse.swift in Sources */,
				73A194362BC4F53300C325BF /* StringExtensions.swift in Sources */,
				1315265D2BC014C90063DCC7 /* TempViewController.swift in Sources */,
				73B580BD2BC3A09B007B04F5 /* GrammarFeature.swift in Sources */,
				131526452BBE6BAB0063DCC7 /* AppDelegate.swift in Sources */,
				733B39FF2BBFF1A600214797 /* SpeechToText.swift in Sources */,
				131526472BBE6BAB0063DCC7 /* SceneDelegate.swift in Sources */,
			);
			runOnlyForDeploymentPostprocessing = 0;
		};
/* End PBXSourcesBuildPhase section */

/* Begin PBXVariantGroup section */
		1315264A2BBE6BAB0063DCC7 /* Main.storyboard */ = {
			isa = PBXVariantGroup;
			children = (
				1315264B2BBE6BAB0063DCC7 /* Base */,
			);
			name = Main.storyboard;
			sourceTree = "<group>";
		};
		1315264F2BBE6BAB0063DCC7 /* LaunchScreen.storyboard */ = {
			isa = PBXVariantGroup;
			children = (
				131526502BBE6BAB0063DCC7 /* Base */,
			);
			name = LaunchScreen.storyboard;
			sourceTree = "<group>";
		};
/* End PBXVariantGroup section */

/* Begin XCBuildConfiguration section */
		131526532BBE6BAB0063DCC7 /* Debug */ = {
			isa = XCBuildConfiguration;
			buildSettings = {
				ALWAYS_SEARCH_USER_PATHS = NO;
				ASSETCATALOG_COMPILER_GENERATE_SWIFT_ASSET_SYMBOL_EXTENSIONS = YES;
				CLANG_ANALYZER_NONNULL = YES;
				CLANG_ANALYZER_NUMBER_OBJECT_CONVERSION = YES_AGGRESSIVE;
				CLANG_CXX_LANGUAGE_STANDARD = "gnu++20";
				CLANG_ENABLE_MODULES = YES;
				CLANG_ENABLE_OBJC_ARC = YES;
				CLANG_ENABLE_OBJC_WEAK = YES;
				CLANG_WARN_BLOCK_CAPTURE_AUTORELEASING = YES;
				CLANG_WARN_BOOL_CONVERSION = YES;
				CLANG_WARN_COMMA = YES;
				CLANG_WARN_CONSTANT_CONVERSION = YES;
				CLANG_WARN_DEPRECATED_OBJC_IMPLEMENTATIONS = YES;
				CLANG_WARN_DIRECT_OBJC_ISA_USAGE = YES_ERROR;
				CLANG_WARN_DOCUMENTATION_COMMENTS = YES;
				CLANG_WARN_EMPTY_BODY = YES;
				CLANG_WARN_ENUM_CONVERSION = YES;
				CLANG_WARN_INFINITE_RECURSION = YES;
				CLANG_WARN_INT_CONVERSION = YES;
				CLANG_WARN_NON_LITERAL_NULL_CONVERSION = YES;
				CLANG_WARN_OBJC_IMPLICIT_RETAIN_SELF = YES;
				CLANG_WARN_OBJC_LITERAL_CONVERSION = YES;
				CLANG_WARN_OBJC_ROOT_CLASS = YES_ERROR;
				CLANG_WARN_QUOTED_INCLUDE_IN_FRAMEWORK_HEADER = YES;
				CLANG_WARN_RANGE_LOOP_ANALYSIS = YES;
				CLANG_WARN_STRICT_PROTOTYPES = YES;
				CLANG_WARN_SUSPICIOUS_MOVE = YES;
				CLANG_WARN_UNGUARDED_AVAILABILITY = YES_AGGRESSIVE;
				CLANG_WARN_UNREACHABLE_CODE = YES;
				CLANG_WARN__DUPLICATE_METHOD_MATCH = YES;
				COPY_PHASE_STRIP = NO;
				DEBUG_INFORMATION_FORMAT = dwarf;
				ENABLE_STRICT_OBJC_MSGSEND = YES;
				ENABLE_TESTABILITY = YES;
				ENABLE_USER_SCRIPT_SANDBOXING = NO;
				GCC_C_LANGUAGE_STANDARD = gnu17;
				GCC_DYNAMIC_NO_PIC = NO;
				GCC_NO_COMMON_BLOCKS = YES;
				GCC_OPTIMIZATION_LEVEL = 0;
				GCC_PREPROCESSOR_DEFINITIONS = (
					"DEBUG=1",
					"$(inherited)",
				);
				GCC_WARN_64_TO_32_BIT_CONVERSION = YES;
				GCC_WARN_ABOUT_RETURN_TYPE = YES_ERROR;
				GCC_WARN_UNDECLARED_SELECTOR = YES;
				GCC_WARN_UNINITIALIZED_AUTOS = YES_AGGRESSIVE;
				GCC_WARN_UNUSED_FUNCTION = YES;
				GCC_WARN_UNUSED_VARIABLE = YES;
				IPHONEOS_DEPLOYMENT_TARGET = 17.0;
				LOCALIZATION_PREFERS_STRING_CATALOGS = YES;
				MTL_ENABLE_DEBUG_INFO = INCLUDE_SOURCE;
				MTL_FAST_MATH = YES;
				ONLY_ACTIVE_ARCH = YES;
				SDKROOT = iphoneos;
				SWIFT_ACTIVE_COMPILATION_CONDITIONS = "DEBUG $(inherited)";
				SWIFT_OPTIMIZATION_LEVEL = "-Onone";
			};
			name = Debug;
		};
		131526542BBE6BAB0063DCC7 /* Release */ = {
			isa = XCBuildConfiguration;
			buildSettings = {
				ALWAYS_SEARCH_USER_PATHS = NO;
				ASSETCATALOG_COMPILER_GENERATE_SWIFT_ASSET_SYMBOL_EXTENSIONS = YES;
				CLANG_ANALYZER_NONNULL = YES;
				CLANG_ANALYZER_NUMBER_OBJECT_CONVERSION = YES_AGGRESSIVE;
				CLANG_CXX_LANGUAGE_STANDARD = "gnu++20";
				CLANG_ENABLE_MODULES = YES;
				CLANG_ENABLE_OBJC_ARC = YES;
				CLANG_ENABLE_OBJC_WEAK = YES;
				CLANG_WARN_BLOCK_CAPTURE_AUTORELEASING = YES;
				CLANG_WARN_BOOL_CONVERSION = YES;
				CLANG_WARN_COMMA = YES;
				CLANG_WARN_CONSTANT_CONVERSION = YES;
				CLANG_WARN_DEPRECATED_OBJC_IMPLEMENTATIONS = YES;
				CLANG_WARN_DIRECT_OBJC_ISA_USAGE = YES_ERROR;
				CLANG_WARN_DOCUMENTATION_COMMENTS = YES;
				CLANG_WARN_EMPTY_BODY = YES;
				CLANG_WARN_ENUM_CONVERSION = YES;
				CLANG_WARN_INFINITE_RECURSION = YES;
				CLANG_WARN_INT_CONVERSION = YES;
				CLANG_WARN_NON_LITERAL_NULL_CONVERSION = YES;
				CLANG_WARN_OBJC_IMPLICIT_RETAIN_SELF = YES;
				CLANG_WARN_OBJC_LITERAL_CONVERSION = YES;
				CLANG_WARN_OBJC_ROOT_CLASS = YES_ERROR;
				CLANG_WARN_QUOTED_INCLUDE_IN_FRAMEWORK_HEADER = YES;
				CLANG_WARN_RANGE_LOOP_ANALYSIS = YES;
				CLANG_WARN_STRICT_PROTOTYPES = YES;
				CLANG_WARN_SUSPICIOUS_MOVE = YES;
				CLANG_WARN_UNGUARDED_AVAILABILITY = YES_AGGRESSIVE;
				CLANG_WARN_UNREACHABLE_CODE = YES;
				CLANG_WARN__DUPLICATE_METHOD_MATCH = YES;
				COPY_PHASE_STRIP = NO;
				DEBUG_INFORMATION_FORMAT = "dwarf-with-dsym";
				ENABLE_NS_ASSERTIONS = NO;
				ENABLE_STRICT_OBJC_MSGSEND = YES;
				ENABLE_USER_SCRIPT_SANDBOXING = NO;
				GCC_C_LANGUAGE_STANDARD = gnu17;
				GCC_NO_COMMON_BLOCKS = YES;
				GCC_WARN_64_TO_32_BIT_CONVERSION = YES;
				GCC_WARN_ABOUT_RETURN_TYPE = YES_ERROR;
				GCC_WARN_UNDECLARED_SELECTOR = YES;
				GCC_WARN_UNINITIALIZED_AUTOS = YES_AGGRESSIVE;
				GCC_WARN_UNUSED_FUNCTION = YES;
				GCC_WARN_UNUSED_VARIABLE = YES;
				IPHONEOS_DEPLOYMENT_TARGET = 17.0;
				LOCALIZATION_PREFERS_STRING_CATALOGS = YES;
				MTL_ENABLE_DEBUG_INFO = NO;
				MTL_FAST_MATH = YES;
				SDKROOT = iphoneos;
				SWIFT_COMPILATION_MODE = wholemodule;
				VALIDATE_PRODUCT = YES;
			};
			name = Release;
		};
		131526562BBE6BAB0063DCC7 /* Debug */ = {
			isa = XCBuildConfiguration;
			baseConfigurationReference = 2AC2DFC4443117339CF7D7D6 /* Pods-Telloment.debug.xcconfig */;
			buildSettings = {
				ASSETCATALOG_COMPILER_APPICON_NAME = AppIcon;
				ASSETCATALOG_COMPILER_GLOBAL_ACCENT_COLOR_NAME = AccentColor;
				CODE_SIGN_STYLE = Automatic;
				CURRENT_PROJECT_VERSION = 1;
				DEVELOPMENT_TEAM = 9LPGL9GXUQ;
				GENERATE_INFOPLIST_FILE = YES;
				INFOPLIST_FILE = Telloment/Info.plist;
				INFOPLIST_KEY_UIApplicationSupportsIndirectInputEvents = YES;
				INFOPLIST_KEY_UILaunchStoryboardName = LaunchScreen;
				INFOPLIST_KEY_UIMainStoryboardFile = Main;
				INFOPLIST_KEY_UISupportedInterfaceOrientations_iPad = "UIInterfaceOrientationPortrait UIInterfaceOrientationPortraitUpsideDown UIInterfaceOrientationLandscapeLeft UIInterfaceOrientationLandscapeRight";
				INFOPLIST_KEY_UISupportedInterfaceOrientations_iPhone = "UIInterfaceOrientationPortrait UIInterfaceOrientationLandscapeLeft UIInterfaceOrientationLandscapeRight";
				LD_RUNPATH_SEARCH_PATHS = (
					"$(inherited)",
					"@executable_path/Frameworks",
				);
				MARKETING_VERSION = 1.0;
				PRODUCT_BUNDLE_IDENTIFIER = com.Telloment;
				PRODUCT_NAME = "$(TARGET_NAME)";
				SWIFT_EMIT_LOC_STRINGS = YES;
				SWIFT_VERSION = 5.0;
				TARGETED_DEVICE_FAMILY = "1,2";
			};
			name = Debug;
		};
		131526572BBE6BAB0063DCC7 /* Release */ = {
			isa = XCBuildConfiguration;
			baseConfigurationReference = 91F1262C5FC224693C228B95 /* Pods-Telloment.release.xcconfig */;
			buildSettings = {
				ASSETCATALOG_COMPILER_APPICON_NAME = AppIcon;
				ASSETCATALOG_COMPILER_GLOBAL_ACCENT_COLOR_NAME = AccentColor;
				CODE_SIGN_STYLE = Automatic;
				CURRENT_PROJECT_VERSION = 1;
				DEVELOPMENT_TEAM = 9LPGL9GXUQ;
				GENERATE_INFOPLIST_FILE = YES;
				INFOPLIST_FILE = Telloment/Info.plist;
				INFOPLIST_KEY_UIApplicationSupportsIndirectInputEvents = YES;
				INFOPLIST_KEY_UILaunchStoryboardName = LaunchScreen;
				INFOPLIST_KEY_UIMainStoryboardFile = Main;
				INFOPLIST_KEY_UISupportedInterfaceOrientations_iPad = "UIInterfaceOrientationPortrait UIInterfaceOrientationPortraitUpsideDown UIInterfaceOrientationLandscapeLeft UIInterfaceOrientationLandscapeRight";
				INFOPLIST_KEY_UISupportedInterfaceOrientations_iPhone = "UIInterfaceOrientationPortrait UIInterfaceOrientationLandscapeLeft UIInterfaceOrientationLandscapeRight";
				LD_RUNPATH_SEARCH_PATHS = (
					"$(inherited)",
					"@executable_path/Frameworks",
				);
				MARKETING_VERSION = 1.0;
				PRODUCT_BUNDLE_IDENTIFIER = com.Telloment;
				PRODUCT_NAME = "$(TARGET_NAME)";
				SWIFT_EMIT_LOC_STRINGS = YES;
				SWIFT_VERSION = 5.0;
				TARGETED_DEVICE_FAMILY = "1,2";
			};
			name = Release;
		};
/* End XCBuildConfiguration section */

/* Begin XCConfigurationList section */
		1315263C2BBE6BAA0063DCC7 /* Build configuration list for PBXProject "Telloment" */ = {
			isa = XCConfigurationList;
			buildConfigurations = (
				131526532BBE6BAB0063DCC7 /* Debug */,
				131526542BBE6BAB0063DCC7 /* Release */,
			);
			defaultConfigurationIsVisible = 0;
			defaultConfigurationName = Release;
		};
		131526552BBE6BAB0063DCC7 /* Build configuration list for PBXNativeTarget "Telloment" */ = {
			isa = XCConfigurationList;
			buildConfigurations = (
				131526562BBE6BAB0063DCC7 /* Debug */,
				131526572BBE6BAB0063DCC7 /* Release */,
			);
			defaultConfigurationIsVisible = 0;
			defaultConfigurationName = Release;
		};
/* End XCConfigurationList section */
	};
	rootObject = 131526392BBE6BAA0063DCC7 /* Project object */;
}
